// !$*UTF8*$!
{
	archiveVersion = 1;
	classes = {
	};
	objectVersion = 50;
	objects = {

/* Begin PBXBuildFile section */
		563224DE20CE3130002426EA /* AboutViewController.swift in Sources */ = {isa = PBXBuildFile; fileRef = 563224DD20CE3130002426EA /* AboutViewController.swift */; };
		563224E020CE3948002426EA /* BullsEye.html in Resources */ = {isa = PBXBuildFile; fileRef = 563224DF20CE3948002426EA /* BullsEye.html */; };
		5694C92B20C8BD00006C8F65 /* AppDelegate.swift in Sources */ = {isa = PBXBuildFile; fileRef = 5694C92A20C8BD00006C8F65 /* AppDelegate.swift */; };
		5694C92D20C8BD00006C8F65 /* ViewController.swift in Sources */ = {isa = PBXBuildFile; fileRef = 5694C92C20C8BD00006C8F65 /* ViewController.swift */; };
		5694C93020C8BD00006C8F65 /* Main.storyboard in Resources */ = {isa = PBXBuildFile; fileRef = 5694C92E20C8BD00006C8F65 /* Main.storyboard */; };
		5694C93220C8BD02006C8F65 /* Assets.xcassets in Resources */ = {isa = PBXBuildFile; fileRef = 5694C93120C8BD02006C8F65 /* Assets.xcassets */; };
		5694C93520C8BD02006C8F65 /* LaunchScreen.storyboard in Resources */ = {isa = PBXBuildFile; fileRef = 5694C93320C8BD02006C8F65 /* LaunchScreen.storyboard */; };
		5694C93D20C8CE8F006C8F65 /* Extensions.swift in Sources */ = {isa = PBXBuildFile; fileRef = 5694C93C20C8CE8F006C8F65 /* Extensions.swift */; };
/* End PBXBuildFile section */

/* Begin PBXFileReference section */
		563224DD20CE3130002426EA /* AboutViewController.swift */ = {isa = PBXFileReference; lastKnownFileType = sourcecode.swift; path = AboutViewController.swift; sourceTree = "<group>"; };
		563224DF20CE3948002426EA /* BullsEye.html */ = {isa = PBXFileReference; fileEncoding = 4; lastKnownFileType = text.html; path = BullsEye.html; sourceTree = "<group>"; };
		5694C92720C8BD00006C8F65 /* Bullseye Game.app */ = {isa = PBXFileReference; explicitFileType = wrapper.application; includeInIndex = 0; path = "Bullseye Game.app"; sourceTree = BUILT_PRODUCTS_DIR; };
		5694C92A20C8BD00006C8F65 /* AppDelegate.swift */ = {isa = PBXFileReference; lastKnownFileType = sourcecode.swift; path = AppDelegate.swift; sourceTree = "<group>"; };
		5694C92C20C8BD00006C8F65 /* ViewController.swift */ = {isa = PBXFileReference; lastKnownFileType = sourcecode.swift; path = ViewController.swift; sourceTree = "<group>"; };
		5694C92F20C8BD00006C8F65 /* Base */ = {isa = PBXFileReference; lastKnownFileType = file.storyboard; name = Base; path = Base.lproj/Main.storyboard; sourceTree = "<group>"; };
		5694C93120C8BD02006C8F65 /* Assets.xcassets */ = {isa = PBXFileReference; lastKnownFileType = folder.assetcatalog; path = Assets.xcassets; sourceTree = "<group>"; };
		5694C93420C8BD02006C8F65 /* Base */ = {isa = PBXFileReference; lastKnownFileType = file.storyboard; name = Base; path = Base.lproj/LaunchScreen.storyboard; sourceTree = "<group>"; };
		5694C93620C8BD02006C8F65 /* Info.plist */ = {isa = PBXFileReference; lastKnownFileType = text.plist.xml; path = Info.plist; sourceTree = "<group>"; };
		5694C93C20C8CE8F006C8F65 /* Extensions.swift */ = {isa = PBXFileReference; lastKnownFileType = sourcecode.swift; path = Extensions.swift; sourceTree = "<group>"; };
/* End PBXFileReference section */

/* Begin PBXFrameworksBuildPhase section */
		5694C92420C8BD00006C8F65 /* Frameworks */ = {
			isa = PBXFrameworksBuildPhase;
			buildActionMask = 2147483647;
			files = (
			);
			runOnlyForDeploymentPostprocessing = 0;
		};
/* End PBXFrameworksBuildPhase section */

/* Begin PBXGroup section */
		5694C91E20C8BD00006C8F65 = {
			isa = PBXGroup;
			children = (
				5694C92920C8BD00006C8F65 /* Bullseye Game */,
				5694C92820C8BD00006C8F65 /* Products */,
			);
			sourceTree = "<group>";
		};
		5694C92820C8BD00006C8F65 /* Products */ = {
			isa = PBXGroup;
			children = (
				5694C92720C8BD00006C8F65 /* Bullseye Game.app */,
			);
			name = Products;
			sourceTree = "<group>";
		};
		5694C92920C8BD00006C8F65 /* Bullseye Game */ = {
			isa = PBXGroup;
			children = (
				563224DF20CE3948002426EA /* BullsEye.html */,
				5694C92A20C8BD00006C8F65 /* AppDelegate.swift */,
				563224DD20CE3130002426EA /* AboutViewController.swift */,
				5694C92C20C8BD00006C8F65 /* ViewController.swift */,
				5694C93C20C8CE8F006C8F65 /* Extensions.swift */,
				5694C92E20C8BD00006C8F65 /* Main.storyboard */,
				5694C93120C8BD02006C8F65 /* Assets.xcassets */,
				5694C93320C8BD02006C8F65 /* LaunchScreen.storyboard */,
				5694C93620C8BD02006C8F65 /* Info.plist */,
			);
			path = "Bullseye Game";
			sourceTree = "<group>";
		};
/* End PBXGroup section */

/* Begin PBXNativeTarget section */
		5694C92620C8BD00006C8F65 /* Bullseye Game */ = {
			isa = PBXNativeTarget;
			buildConfigurationList = 5694C93920C8BD02006C8F65 /* Build configuration list for PBXNativeTarget "Bullseye Game" */;
			buildPhases = (
				5694C92320C8BD00006C8F65 /* Sources */,
				5694C92420C8BD00006C8F65 /* Frameworks */,
				5694C92520C8BD00006C8F65 /* Resources */,
			);
			buildRules = (
			);
			dependencies = (
			);
			name = "Bullseye Game";
			productName = "Bullseye Game";
			productReference = 5694C92720C8BD00006C8F65 /* Bullseye Game.app */;
			productType = "com.apple.product-type.application";
		};
/* End PBXNativeTarget section */

/* Begin PBXProject section */
		5694C91F20C8BD00006C8F65 /* Project object */ = {
			isa = PBXProject;
			attributes = {
				LastSwiftUpdateCheck = 0930;
				LastUpgradeCheck = 0930;
				ORGANIZATIONNAME = "Christopher Villanueva";
				TargetAttributes = {
					5694C92620C8BD00006C8F65 = {
						CreatedOnToolsVersion = 9.3;
					};
				};
			};
			buildConfigurationList = 5694C92220C8BD00006C8F65 /* Build configuration list for PBXProject "Bullseye Game" */;
			compatibilityVersion = "Xcode 9.3";
			developmentRegion = en;
			hasScannedForEncodings = 0;
			knownRegions = (
				en,
				Base,
			);
			mainGroup = 5694C91E20C8BD00006C8F65;
			productRefGroup = 5694C92820C8BD00006C8F65 /* Products */;
			projectDirPath = "";
			projectRoot = "";
			targets = (
				5694C92620C8BD00006C8F65 /* Bullseye Game */,
			);
		};
/* End PBXProject section */

/* Begin PBXResourcesBuildPhase section */
		5694C92520C8BD00006C8F65 /* Resources */ = {
			isa = PBXResourcesBuildPhase;
			buildActionMask = 2147483647;
			files = (
				5694C93520C8BD02006C8F65 /* LaunchScreen.storyboard in Resources */,
				563224E020CE3948002426EA /* BullsEye.html in Resources */,
				5694C93220C8BD02006C8F65 /* Assets.xcassets in Resources */,
				5694C93020C8BD00006C8F65 /* Main.storyboard in Resources */,
			);
			runOnlyForDeploymentPostprocessing = 0;
		};
/* End PBXResourcesBuildPhase section */

/* Begin PBXSourcesBuildPhase section */
		5694C92320C8BD00006C8F65 /* Sources */ = {
			isa = PBXSourcesBuildPhase;
			buildActionMask = 2147483647;
			files = (
				5694C92D20C8BD00006C8F65 /* ViewController.swift in Sources */,
				5694C93D20C8CE8F006C8F65 /* Extensions.swift in Sources */,
				563224DE20CE3130002426EA /* AboutViewController.swift in Sources */,
				5694C92B20C8BD00006C8F65 /* AppDelegate.swift in Sources */,
			);
			runOnlyForDeploymentPostprocessing = 0;
		};
/* End PBXSourcesBuildPhase section */

/* Begin PBXVariantGroup section */
		5694C92E20C8BD00006C8F65 /* Main.storyboard */ = {
			isa = PBXVariantGroup;
			children = (
				5694C92F20C8BD00006C8F65 /* Base */,
			);
			name = Main.storyboard;
			sourceTree = "<group>";
		};
		5694C93320C8BD02006C8F65 /* LaunchScreen.storyboard */ = {
			isa = PBXVariantGroup;
			children = (
				5694C93420C8BD02006C8F65 /* Base */,
			);
			name = LaunchScreen.storyboard;
			sourceTree = "<group>";
		};
/* End PBXVariantGroup section */

/* Begin XCBuildConfiguration section */
		5694C93720C8BD02006C8F65 /* Debug */ = {
			isa = XCBuildConfiguration;
			buildSettings = {
				ALWAYS_SEARCH_USER_PATHS = NO;
				CLANG_ANALYZER_NONNULL = YES;
				CLANG_ANALYZER_NUMBER_OBJECT_CONVERSION = YES_AGGRESSIVE;
				CLANG_CXX_LANGUAGE_STANDARD = "gnu++14";
				CLANG_CXX_LIBRARY = "libc++";
				CLANG_ENABLE_MODULES = YES;
				CLANG_ENABLE_OBJC_ARC = YES;
				CLANG_ENABLE_OBJC_WEAK = YES;
				CLANG_WARN_BLOCK_CAPTURE_AUTORELEASING = YES;
				CLANG_WARN_BOOL_CONVERSION = YES;
				CLANG_WARN_COMMA = YES;
				CLANG_WARN_CONSTANT_CONVERSION = YES;
				CLANG_WARN_DEPRECATED_OBJC_IMPLEMENTATIONS = YES;
				CLANG_WARN_DIRECT_OBJC_ISA_USAGE = YES_ERROR;
				CLANG_WARN_DOCUMENTATION_COMMENTS = YES;
				CLANG_WARN_EMPTY_BODY = YES;
				CLANG_WARN_ENUM_CONVERSION = YES;
				CLANG_WARN_INFINITE_RECURSION = YES;
				CLANG_WARN_INT_CONVERSION = YES;
				CLANG_WARN_NON_LITERAL_NULL_CONVERSION = YES;
				CLANG_WARN_OBJC_IMPLICIT_RETAIN_SELF = YES;
				CLANG_WARN_OBJC_LITERAL_CONVERSION = YES;
				CLANG_WARN_OBJC_ROOT_CLASS = YES_ERROR;
				CLANG_WARN_RANGE_LOOP_ANALYSIS = YES;
				CLANG_WARN_STRICT_PROTOTYPES = YES;
				CLANG_WARN_SUSPICIOUS_MOVE = YES;
				CLANG_WARN_UNGUARDED_AVAILABILITY = YES_AGGRESSIVE;
				CLANG_WARN_UNREACHABLE_CODE = YES;
				CLANG_WARN__DUPLICATE_METHOD_MATCH = YES;
				CODE_SIGN_IDENTITY = "iPhone Developer";
				COPY_PHASE_STRIP = NO;
				DEBUG_INFORMATION_FORMAT = dwarf;
				ENABLE_STRICT_OBJC_MSGSEND = YES;
				ENABLE_TESTABILITY = YES;
				GCC_C_LANGUAGE_STANDARD = gnu11;
				GCC_DYNAMIC_NO_PIC = NO;
				GCC_NO_COMMON_BLOCKS = YES;
				GCC_OPTIMIZATION_LEVEL = 0;
				GCC_PREPROCESSOR_DEFINITIONS = (
					"DEBUG=1",
					"$(inherited)",
				);
				GCC_WARN_64_TO_32_BIT_CONVERSION = YES;
				GCC_WARN_ABOUT_RETURN_TYPE = YES_ERROR;
				GCC_WARN_UNDECLARED_SELECTOR = YES;
				GCC_WARN_UNINITIALIZED_AUTOS = YES_AGGRESSIVE;
				GCC_WARN_UNUSED_FUNCTION = YES;
				GCC_WARN_UNUSED_VARIABLE = YES;
				IPHONEOS_DEPLOYMENT_TARGET = 11.3;
				MTL_ENABLE_DEBUG_INFO = YES;
				ONLY_ACTIVE_ARCH = YES;
				SDKROOT = iphoneos;
				SWIFT_ACTIVE_COMPILATION_CONDITIONS = DEBUG;
				SWIFT_OPTIMIZATION_LEVEL = "-Onone";
			};
			name = Debug;
		};
		5694C93820C8BD02006C8F65 /* Release */ = {
			isa = XCBuildConfiguration;
			buildSettings = {
				ALWAYS_SEARCH_USER_PATHS = NO;
				CLANG_ANALYZER_NONNULL = YES;
				CLANG_ANALYZER_NUMBER_OBJECT_CONVERSION = YES_AGGRESSIVE;
				CLANG_CXX_LANGUAGE_STANDARD = "gnu++14";
				CLANG_CXX_LIBRARY = "libc++";
				CLANG_ENABLE_MODULES = YES;
				CLANG_ENABLE_OBJC_ARC = YES;
				CLANG_ENABLE_OBJC_WEAK = YES;
				CLANG_WARN_BLOCK_CAPTURE_AUTORELEASING = YES;
				CLANG_WARN_BOOL_CONVERSION = YES;
				CLANG_WARN_COMMA = YES;
				CLANG_WARN_CONSTANT_CONVERSION = YES;
				CLANG_WARN_DEPRECATED_OBJC_IMPLEMENTATIONS = YES;
				CLANG_WARN_DIRECT_OBJC_ISA_USAGE = YES_ERROR;
				CLANG_WARN_DOCUMENTATION_COMMENTS = YES;
				CLANG_WARN_EMPTY_BODY = YES;
				CLANG_WARN_ENUM_CONVERSION = YES;
				CLANG_WARN_INFINITE_RECURSION = YES;
				CLANG_WARN_INT_CONVERSION = YES;
				CLANG_WARN_NON_LITERAL_NULL_CONVERSION = YES;
				CLANG_WARN_OBJC_IMPLICIT_RETAIN_SELF = YES;
				CLANG_WARN_OBJC_LITERAL_CONVERSION = YES;
				CLANG_WARN_OBJC_ROOT_CLASS = YES_ERROR;
				CLANG_WARN_RANGE_LOOP_ANALYSIS = YES;
				CLANG_WARN_STRICT_PROTOTYPES = YES;
				CLANG_WARN_SUSPICIOUS_MOVE = YES;
				CLANG_WARN_UNGUARDED_AVAILABILITY = YES_AGGRESSIVE;
				CLANG_WARN_UNREACHABLE_CODE = YES;
				CLANG_WARN__DUPLICATE_METHOD_MATCH = YES;
				CODE_SIGN_IDENTITY = "iPhone Developer";
				COPY_PHASE_STRIP = NO;
				DEBUG_INFORMATION_FORMAT = "dwarf-with-dsym";
				ENABLE_NS_ASSERTIONS = NO;
				ENABLE_STRICT_OBJC_MSGSEND = YES;
				GCC_C_LANGUAGE_STANDARD = gnu11;
				GCC_NO_COMMON_BLOCKS = YES;
				GCC_WARN_64_TO_32_BIT_CONVERSION = YES;
				GCC_WARN_ABOUT_RETURN_TYPE = YES_ERROR;
				GCC_WARN_UNDECLARED_SELECTOR = YES;
				GCC_WARN_UNINITIALIZED_AUTOS = YES_AGGRESSIVE;
				GCC_WARN_UNUSED_FUNCTION = YES;
				GCC_WARN_UNUSED_VARIABLE = YES;
				IPHONEOS_DEPLOYMENT_TARGET = 11.3;
				MTL_ENABLE_DEBUG_INFO = NO;
				SDKROOT = iphoneos;
				SWIFT_COMPILATION_MODE = wholemodule;
				SWIFT_OPTIMIZATION_LEVEL = "-O";
				VALIDATE_PRODUCT = YES;
			};
			name = Release;
		};
		5694C93A20C8BD02006C8F65 /* Debug */ = {
			isa = XCBuildConfiguration;
			buildSettings = {
				ASSETCATALOG_COMPILER_APPICON_NAME = AppIcon;
				ASSETCATALOG_COMPILER_LAUNCHIMAGE_NAME = LaunchImage;
				CODE_SIGN_STYLE = Automatic;
				DEVELOPMENT_TEAM = BMLYZWR33S;
				INFOPLIST_FILE = "Bullseye Game/Info.plist";
				LD_RUNPATH_SEARCH_PATHS = (
					"$(inherited)",
					"@executable_path/Frameworks",
				);
				PRODUCT_BUNDLE_IDENTIFIER = "com.chrisvillanueva.Bullseye-Game";
				PRODUCT_NAME = "$(TARGET_NAME)";
				SWIFT_VERSION = 4.0;
				TARGETED_DEVICE_FAMILY = "1,2";
			};
			name = Debug;
		};
		5694C93B20C8BD02006C8F65 /* Release */ = {
			isa = XCBuildConfiguration;
			buildSettings = {
				ASSETCATALOG_COMPILER_APPICON_NAME = AppIcon;
				ASSETCATALOG_COMPILER_LAUNCHIMAGE_NAME = LaunchImage;
				CODE_SIGN_STYLE = Automatic;
				DEVELOPMENT_TEAM = BMLYZWR33S;
				INFOPLIST_FILE = "Bullseye Game/Info.plist";
				LD_RUNPATH_SEARCH_PATHS = (
					"$(inherited)",
					"@executable_path/Frameworks",
				);
				PRODUCT_BUNDLE_IDENTIFIER = "com.chrisvillanueva.Bullseye-Game";
				PRODUCT_NAME = "$(TARGET_NAME)";
				SWIFT_VERSION = 4.0;
				TARGETED_DEVICE_FAMILY = "1,2";
			};
			name = Release;
		};
/* End XCBuildConfiguration section */

/* Begin XCConfigurationList section */
		5694C92220C8BD00006C8F65 /* Build configuration list for PBXProject "Bullseye Game" */ = {
			isa = XCConfigurationList;
			buildConfigurations = (
				5694C93720C8BD02006C8F65 /* Debug */,
				5694C93820C8BD02006C8F65 /* Release */,
			);
			defaultConfigurationIsVisible = 0;
			defaultConfigurationName = Release;
		};
		5694C93920C8BD02006C8F65 /* Build configuration list for PBXNativeTarget "Bullseye Game" */ = {
			isa = XCConfigurationList;
			buildConfigurations = (
				5694C93A20C8BD02006C8F65 /* Debug */,
				5694C93B20C8BD02006C8F65 /* Release */,
			);
			defaultConfigurationIsVisible = 0;
			defaultConfigurationName = Release;
		};
/* End XCConfigurationList section */
	};
	rootObject = 5694C91F20C8BD00006C8F65 /* Project object */;
}
